
Microsoft Visual Studio Solution File, Format Version 12.00
# Visual Studio Version 17
VisualStudioVersion = 17.9.34616.47
MinimumVisualStudioVersion = 10.0.40219.1
Project("{FAE04EC0-301F-11D3-BF4B-00C04F79EFBC}") = "TesteGupy", "TesteGupy.csproj", "{E307C946-E539-4945-B22A-1E1E42F60FDA}"
EndProject
Global
	GlobalSection(SolutionConfigurationPlatforms) = preSolution
		Debug|Any CPU = Debug|Any CPU
		Release|Any CPU = Release|Any CPU
	EndGlobalSection
	GlobalSection(ProjectConfigurationPlatforms) = postSolution
		{E307C946-E539-4945-B22A-1E1E42F60FDA}.Debug|Any CPU.ActiveCfg = Debug|Any CPU
		{E307C946-E539-4945-B22A-1E1E42F60FDA}.Debug|Any CPU.Build.0 = Debug|Any CPU
		{E307C946-E539-4945-B22A-1E1E42F60FDA}.Release|Any CPU.ActiveCfg = Release|Any CPU
		{E307C946-E539-4945-B22A-1E1E42F60FDA}.Release|Any CPU.Build.0 = Release|Any CPU
	EndGlobalSection
	GlobalSection(SolutionProperties) = preSolution
		HideSolutionNode = FALSE
	EndGlobalSection
	GlobalSection(ExtensibilityGlobals) = postSolution
		SolutionGuid = {FA0B00A2-7062-4D5A-93E4-E1CDCDC55241}
	EndGlobalSection
EndGlobal
